
Microsoft Visual Studio Solution File, Format Version 12.00
# Visual Studio Version 17
VisualStudioVersion = 17.9.34728.123
MinimumVisualStudioVersion = 10.0.40219.1
Project("{9A19103F-16F7-4668-BE54-9A1E7A4F7556}") = "Brendan", "Brendan.csproj", "{991897D2-ED55-4E7B-9665-831618C20E56}"
EndProject
Global
	GlobalSection(SolutionConfigurationPlatforms) = preSolution
		Debug|Any CPU = Debug|Any CPU
		Release|Any CPU = Release|Any CPU
	EndGlobalSection
	GlobalSection(ProjectConfigurationPlatforms) = postSolution
		{991897D2-ED55-4E7B-9665-831618C20E56}.Debug|Any CPU.ActiveCfg = Debug|Any CPU
		{991897D2-ED55-4E7B-9665-831618C20E56}.Debug|Any CPU.Build.0 = Debug|Any CPU
		{991897D2-ED55-4E7B-9665-831618C20E56}.Release|Any CPU.ActiveCfg = Release|Any CPU
		{991897D2-ED55-4E7B-9665-831618C20E56}.Release|Any CPU.Build.0 = Release|Any CPU
	EndGlobalSection
	GlobalSection(SolutionProperties) = preSolution
		HideSolutionNode = FALSE
	EndGlobalSection
	GlobalSection(ExtensibilityGlobals) = postSolution
		SolutionGuid = {D49354A7-D577-41CE-A615-DA2513E015FF}
	EndGlobalSection
EndGlobal
